{
  "version": 4,
  "terraform_version": "1.12.2",
  "serial": 18,
  "lineage": "7bb97dfa-2759-8318-133f-ba5f1175862f",
  "outputs": {
    "resource_group_id": {
      "value": "/subscriptions/3b100e99-4c4e-4ae2-aef5-a7d4a50e9e6c/resourceGroups/production-resources",
      "type": "string"
    },
    "subscription_info": {
      "value": "Suscripción 1 (3b100e99-4c4e-4ae2-aef5-a7d4a50e9e6c)",
      "type": "string"
    },
    "tenant_id": {
      "value": "52c21aa6-3175-45c3-9c57-b01f6fb8a971",
      "type": "string",
      "sensitive": true
    },
    "vnet_id": {
      "value": "/subscriptions/3b100e99-4c4e-4ae2-aef5-a7d4a50e9e6c/resourceGroups/production-resources/providers/Microsoft.Network/virtualNetworks/production-network",
      "type": "string"
    }
  },
  "resources": [
    {
      "mode": "data",
      "type": "azurerm_client_config",
      "name": "current",
      "provider": "provider[\"registry.terraform.io/hashicorp/azurerm\"]",
      "instances": [
        {
          "schema_version": 0,
          "attributes": {
            "client_id": "04b07795-8ddb-461a-bbee-02f9e1bf7b46",
            "id": "Y2xpZW50Q29uZmlncy9jbGllbnRJZD0wNGIwNzc5NS04ZGRiLTQ2MWEtYmJlZS0wMmY5ZTFiZjdiNDY7b2JqZWN0SWQ9MmZlMjdhNGEtNjNjYS00NTZiLTkyMzYtNTc2MDA0YTI4OWE2O3N1YnNjcmlwdGlvbklkPTNiMTAwZTk5LTRjNGUtNGFlMi1hZWY1LWE3ZDRhNTBlOWU2Yzt0ZW5hbnRJZD01MmMyMWFhNi0zMTc1LTQ1YzMtOWM1Ny1iMDFmNmZiOGE5NzE=",
            "object_id": "2fe27a4a-63ca-456b-9236-576004a289a6",
            "subscription_id": "3b100e99-4c4e-4ae2-aef5-a7d4a50e9e6c",
            "tenant_id": "52c21aa6-3175-45c3-9c57-b01f6fb8a971",
            "timeouts": null
          },
          "sensitive_attributes": [],
          "identity_schema_version": 0
        }
      ]
    },
    {
      "mode": "data",
      "type": "azurerm_subscription",
      "name": "current",
      "provider": "provider[\"registry.terraform.io/hashicorp/azurerm\"]",
      "instances": [
        {
          "schema_version": 0,
          "attributes": {
            "display_name": "Suscripción 1",
            "id": "/subscriptions/3b100e99-4c4e-4ae2-aef5-a7d4a50e9e6c",
            "location_placement_id": "Public_2014-09-01",
            "quota_id": "PayAsYouGo_2014-09-01",
            "spending_limit": "Off",
            "state": "Enabled",
            "subscription_id": "3b100e99-4c4e-4ae2-aef5-a7d4a50e9e6c",
            "tags": {},
            "tenant_id": "52c21aa6-3175-45c3-9c57-b01f6fb8a971",
            "timeouts": null
          },
          "sensitive_attributes": [],
          "identity_schema_version": 0
        }
      ]
    },
    {
      "mode": "managed",
      "type": "azurerm_resource_group",
      "name": "resource_group",
      "provider": "provider[\"registry.terraform.io/hashicorp/azurerm\"]",
      "instances": [
        {
          "schema_version": 0,
          "attributes": {
            "id": "/subscriptions/3b100e99-4c4e-4ae2-aef5-a7d4a50e9e6c/resourceGroups/production-resources",
            "location": "eastus",
            "managed_by": "",
            "name": "production-resources",
            "tags": {
              "Environment": "production",
              "ManagedBy": "terraform",
              "Project": "production-infrastructure",
              "Region": "eastus",
              "Subscription": "Suscripción 1",
              "TenantId": "52c21aa6-3175-45c3-9c57-b01f6fb8a971"
            },
            "timeouts": null
          },
          "sensitive_attributes": [],
          "identity_schema_version": 0,
          "identity": {
            "name": "production-resources",
            "subscription_id": "3b100e99-4c4e-4ae2-aef5-a7d4a50e9e6c"
          },
          "private": "eyJlMmJmYjczMC1lY2FhLTExZTYtOGY4OC0zNDM2M2JjN2M0YzAiOnsiY3JlYXRlIjo1NDAwMDAwMDAwMDAwLCJkZWxldGUiOjU0MDAwMDAwMDAwMDAsInJlYWQiOjMwMDAwMDAwMDAwMCwidXBkYXRlIjo1NDAwMDAwMDAwMDAwfX0=",
          "dependencies": [
            "data.azurerm_client_config.current",
            "data.azurerm_subscription.current"
          ]
        }
      ]
    },
    {
      "mode": "managed",
      "type": "azurerm_storage_account",
      "name": "storage_accounts",
      "provider": "provider[\"registry.terraform.io/hashicorp/azurerm\"]",
      "instances": [
        {
          "index_key": "stacprod1",
          "schema_version": 4,
          "attributes": {
            "access_tier": "Hot",
            "account_kind": "StorageV2",
            "account_replication_type": "LRS",
            "account_tier": "Standard",
            "allow_nested_items_to_be_public": true,
            "allowed_copy_scope": "",
            "azure_files_authentication": [],
            "blob_properties": [
              {
                "change_feed_enabled": false,
                "change_feed_retention_in_days": 0,
                "container_delete_retention_policy": [],
                "cors_rule": [],
                "default_service_version": "",
                "delete_retention_policy": [],
                "last_access_time_enabled": false,
                "restore_policy": [],
                "versioning_enabled": false
              }
            ],
            "cross_tenant_replication_enabled": false,
            "custom_domain": [],
            "customer_managed_key": [],
            "default_to_oauth_authentication": false,
            "dns_endpoint_type": "Standard",
            "edge_zone": "",
            "https_traffic_only_enabled": true,
            "id": "/subscriptions/3b100e99-4c4e-4ae2-aef5-a7d4a50e9e6c/resourceGroups/production-resources/providers/Microsoft.Storage/storageAccounts/stacprod1bb0150894d",
            "identity": [],
            "immutability_policy": [],
            "infrastructure_encryption_enabled": false,
            "is_hns_enabled": false,
            "large_file_share_enabled": false,
            "local_user_enabled": true,
            "location": "eastus",
            "min_tls_version": "TLS1_2",
            "name": "stacprod1bb0150894d",
            "network_rules": [],
            "nfsv3_enabled": false,
            "primary_access_key": "4Dq16SCJNWjjG9n5dAsdFwXr+EtNpHSLaRtXrP0+x8bxZN2jc+bhMDh+pVaZjh8m2muAPcC4D84j+AStBTUoDA==",
            "primary_blob_connection_string": "DefaultEndpointsProtocol=https;BlobEndpoint=https://stacprod1bb0150894d.blob.core.windows.net/;AccountName=stacprod1bb0150894d;AccountKey=4Dq16SCJNWjjG9n5dAsdFwXr+EtNpHSLaRtXrP0+x8bxZN2jc+bhMDh+pVaZjh8m2muAPcC4D84j+AStBTUoDA==",
            "primary_blob_endpoint": "https://stacprod1bb0150894d.blob.core.windows.net/",
            "primary_blob_host": "stacprod1bb0150894d.blob.core.windows.net",
            "primary_blob_internet_endpoint": "",
            "primary_blob_internet_host": "",
            "primary_blob_microsoft_endpoint": "",
            "primary_blob_microsoft_host": "",
            "primary_connection_string": "DefaultEndpointsProtocol=https;AccountName=stacprod1bb0150894d;AccountKey=4Dq16SCJNWjjG9n5dAsdFwXr+EtNpHSLaRtXrP0+x8bxZN2jc+bhMDh+pVaZjh8m2muAPcC4D84j+AStBTUoDA==;EndpointSuffix=core.windows.net",
            "primary_dfs_endpoint": "https://stacprod1bb0150894d.dfs.core.windows.net/",
            "primary_dfs_host": "stacprod1bb0150894d.dfs.core.windows.net",
            "primary_dfs_internet_endpoint": "",
            "primary_dfs_internet_host": "",
            "primary_dfs_microsoft_endpoint": "",
            "primary_dfs_microsoft_host": "",
            "primary_file_endpoint": "https://stacprod1bb0150894d.file.core.windows.net/",
            "primary_file_host": "stacprod1bb0150894d.file.core.windows.net",
            "primary_file_internet_endpoint": "",
            "primary_file_internet_host": "",
            "primary_file_microsoft_endpoint": "",
            "primary_file_microsoft_host": "",
            "primary_location": "eastus",
            "primary_queue_endpoint": "https://stacprod1bb0150894d.queue.core.windows.net/",
            "primary_queue_host": "stacprod1bb0150894d.queue.core.windows.net",
            "primary_queue_microsoft_endpoint": "",
            "primary_queue_microsoft_host": "",
            "primary_table_endpoint": "https://stacprod1bb0150894d.table.core.windows.net/",
            "primary_table_host": "stacprod1bb0150894d.table.core.windows.net",
            "primary_table_microsoft_endpoint": "",
            "primary_table_microsoft_host": "",
            "primary_web_endpoint": "https://stacprod1bb0150894d.z13.web.core.windows.net/",
            "primary_web_host": "stacprod1bb0150894d.z13.web.core.windows.net",
            "primary_web_internet_endpoint": "",
            "primary_web_internet_host": "",
            "primary_web_microsoft_endpoint": "",
            "primary_web_microsoft_host": "",
            "provisioned_billing_model_version": "",
            "public_network_access_enabled": true,
            "queue_encryption_key_type": "Service",
            "queue_properties": [
              {
                "cors_rule": [],
                "hour_metrics": [
                  {
                    "enabled": false,
                    "include_apis": false,
                    "retention_policy_days": 0,
                    "version": "1.0"
                  }
                ],
                "logging": [
                  {
                    "delete": false,
                    "read": false,
                    "retention_policy_days": 0,
                    "version": "1.0",
                    "write": false
                  }
                ],
                "minute_metrics": [
                  {
                    "enabled": false,
                    "include_apis": false,
                    "retention_policy_days": 0,
                    "version": "1.0"
                  }
                ]
              }
            ],
            "resource_group_name": "production-resources",
            "routing": [],
            "sas_policy": [],
            "secondary_access_key": "x/cDghgsrrFBk8b6pF3dPgkiXRgw+fArZbNXN32JIxrNBvxposKLRYRWECDRYdTPM6DyI/qOw15L+AStCmdAQQ==",
            "secondary_blob_connection_string": "",
            "secondary_blob_endpoint": "",
            "secondary_blob_host": "",
            "secondary_blob_internet_endpoint": "",
            "secondary_blob_internet_host": "",
            "secondary_blob_microsoft_endpoint": "",
            "secondary_blob_microsoft_host": "",
            "secondary_connection_string": "DefaultEndpointsProtocol=https;AccountName=stacprod1bb0150894d;AccountKey=x/cDghgsrrFBk8b6pF3dPgkiXRgw+fArZbNXN32JIxrNBvxposKLRYRWECDRYdTPM6DyI/qOw15L+AStCmdAQQ==;EndpointSuffix=core.windows.net",
            "secondary_dfs_endpoint": "",
            "secondary_dfs_host": "",
            "secondary_dfs_internet_endpoint": "",
            "secondary_dfs_internet_host": "",
            "secondary_dfs_microsoft_endpoint": "",
            "secondary_dfs_microsoft_host": "",
            "secondary_file_endpoint": "",
            "secondary_file_host": "",
            "secondary_file_internet_endpoint": "",
            "secondary_file_internet_host": "",
            "secondary_file_microsoft_endpoint": "",
            "secondary_file_microsoft_host": "",
            "secondary_location": "",
            "secondary_queue_endpoint": "",
            "secondary_queue_host": "",
            "secondary_queue_microsoft_endpoint": "",
            "secondary_queue_microsoft_host": "",
            "secondary_table_endpoint": "",
            "secondary_table_host": "",
            "secondary_table_microsoft_endpoint": "",
            "secondary_table_microsoft_host": "",
            "secondary_web_endpoint": "",
            "secondary_web_host": "",
            "secondary_web_internet_endpoint": "",
            "secondary_web_internet_host": "",
            "secondary_web_microsoft_endpoint": "",
            "secondary_web_microsoft_host": "",
            "sftp_enabled": false,
            "share_properties": [
              {
                "cors_rule": [],
                "retention_policy": [
                  {
                    "days": 7
                  }
                ],
                "smb": []
              }
            ],
            "shared_access_key_enabled": true,
            "static_website": [],
            "table_encryption_key_type": "Service",
            "tags": {
              "Environment": "production",
              "ManagedBy": "terraform",
              "Project": "production-infrastructure",
              "Region": "eastus",
              "Subscription": "Suscripción 1",
              "TenantId": "52c21aa6-3175-45c3-9c57-b01f6fb8a971"
            },
            "timeouts": null
          },
          "sensitive_attributes": [
            [
              {
                "type": "get_attr",
                "value": "primary_access_key"
              }
            ],
            [
              {
                "type": "get_attr",
                "value": "primary_blob_connection_string"
              }
            ],
            [
              {
                "type": "get_attr",
                "value": "primary_connection_string"
              }
            ],
            [
              {
                "type": "get_attr",
                "value": "secondary_access_key"
              }
            ],
            [
              {
                "type": "get_attr",
                "value": "secondary_blob_connection_string"
              }
            ],
            [
              {
                "type": "get_attr",
                "value": "secondary_connection_string"
              }
            ]
          ],
          "identity_schema_version": 0,
          "identity": {
            "name": "stacprod1bb0150894d",
            "resource_group_name": "production-resources",
            "subscription_id": "3b100e99-4c4e-4ae2-aef5-a7d4a50e9e6c"
          },
          "private": "eyJlMmJmYjczMC1lY2FhLTExZTYtOGY4OC0zNDM2M2JjN2M0YzAiOnsiY3JlYXRlIjozNjAwMDAwMDAwMDAwLCJkZWxldGUiOjM2MDAwMDAwMDAwMDAsInJlYWQiOjMwMDAwMDAwMDAwMCwidXBkYXRlIjozNjAwMDAwMDAwMDAwfSwic2NoZW1hX3ZlcnNpb24iOiI0In0=",
          "dependencies": [
            "azurerm_resource_group.resource_group",
            "data.azurerm_client_config.current",
            "data.azurerm_subscription.current",
            "random_id.suffix"
          ]
        },
        {
          "index_key": "stacprod2",
          "schema_version": 4,
          "attributes": {
            "access_tier": "Hot",
            "account_kind": "StorageV2",
            "account_replication_type": "LRS",
            "account_tier": "Standard",
            "allow_nested_items_to_be_public": true,
            "allowed_copy_scope": "",
            "azure_files_authentication": [],
            "blob_properties": [
              {
                "change_feed_enabled": false,
                "change_feed_retention_in_days": 0,
                "container_delete_retention_policy": [],
                "cors_rule": [],
                "default_service_version": "",
                "delete_retention_policy": [],
                "last_access_time_enabled": false,
                "restore_policy": [],
                "versioning_enabled": false
              }
            ],
            "cross_tenant_replication_enabled": false,
            "custom_domain": [],
            "customer_managed_key": [],
            "default_to_oauth_authentication": false,
            "dns_endpoint_type": "Standard",
            "edge_zone": "",
            "https_traffic_only_enabled": true,
            "id": "/subscriptions/3b100e99-4c4e-4ae2-aef5-a7d4a50e9e6c/resourceGroups/production-resources/providers/Microsoft.Storage/storageAccounts/stacprod29e31ed68d0",
            "identity": [],
            "immutability_policy": [],
            "infrastructure_encryption_enabled": false,
            "is_hns_enabled": false,
            "large_file_share_enabled": false,
            "local_user_enabled": true,
            "location": "eastus",
            "min_tls_version": "TLS1_2",
            "name": "stacprod29e31ed68d0",
            "network_rules": [],
            "nfsv3_enabled": false,
            "primary_access_key": "qu4wLa3lH7LP66aWeldPduQT9K8+TCCUA9KM/CyEBERuD7Xxoa2xFbbB9PwnEEX7mfeZ5l1ul9Re+AStbDct+w==",
            "primary_blob_connection_string": "DefaultEndpointsProtocol=https;BlobEndpoint=https://stacprod29e31ed68d0.blob.core.windows.net/;AccountName=stacprod29e31ed68d0;AccountKey=qu4wLa3lH7LP66aWeldPduQT9K8+TCCUA9KM/CyEBERuD7Xxoa2xFbbB9PwnEEX7mfeZ5l1ul9Re+AStbDct+w==",
            "primary_blob_endpoint": "https://stacprod29e31ed68d0.blob.core.windows.net/",
            "primary_blob_host": "stacprod29e31ed68d0.blob.core.windows.net",
            "primary_blob_internet_endpoint": "",
            "primary_blob_internet_host": "",
            "primary_blob_microsoft_endpoint": "",
            "primary_blob_microsoft_host": "",
            "primary_connection_string": "DefaultEndpointsProtocol=https;AccountName=stacprod29e31ed68d0;AccountKey=qu4wLa3lH7LP66aWeldPduQT9K8+TCCUA9KM/CyEBERuD7Xxoa2xFbbB9PwnEEX7mfeZ5l1ul9Re+AStbDct+w==;EndpointSuffix=core.windows.net",
            "primary_dfs_endpoint": "https://stacprod29e31ed68d0.dfs.core.windows.net/",
            "primary_dfs_host": "stacprod29e31ed68d0.dfs.core.windows.net",
            "primary_dfs_internet_endpoint": "",
            "primary_dfs_internet_host": "",
            "primary_dfs_microsoft_endpoint": "",
            "primary_dfs_microsoft_host": "",
            "primary_file_endpoint": "https://stacprod29e31ed68d0.file.core.windows.net/",
            "primary_file_host": "stacprod29e31ed68d0.file.core.windows.net",
            "primary_file_internet_endpoint": "",
            "primary_file_internet_host": "",
            "primary_file_microsoft_endpoint": "",
            "primary_file_microsoft_host": "",
            "primary_location": "eastus",
            "primary_queue_endpoint": "https://stacprod29e31ed68d0.queue.core.windows.net/",
            "primary_queue_host": "stacprod29e31ed68d0.queue.core.windows.net",
            "primary_queue_microsoft_endpoint": "",
            "primary_queue_microsoft_host": "",
            "primary_table_endpoint": "https://stacprod29e31ed68d0.table.core.windows.net/",
            "primary_table_host": "stacprod29e31ed68d0.table.core.windows.net",
            "primary_table_microsoft_endpoint": "",
            "primary_table_microsoft_host": "",
            "primary_web_endpoint": "https://stacprod29e31ed68d0.z13.web.core.windows.net/",
            "primary_web_host": "stacprod29e31ed68d0.z13.web.core.windows.net",
            "primary_web_internet_endpoint": "",
            "primary_web_internet_host": "",
            "primary_web_microsoft_endpoint": "",
            "primary_web_microsoft_host": "",
            "provisioned_billing_model_version": "",
            "public_network_access_enabled": true,
            "queue_encryption_key_type": "Service",
            "queue_properties": [
              {
                "cors_rule": [],
                "hour_metrics": [
                  {
                    "enabled": false,
                    "include_apis": false,
                    "retention_policy_days": 0,
                    "version": "1.0"
                  }
                ],
                "logging": [
                  {
                    "delete": false,
                    "read": false,
                    "retention_policy_days": 0,
                    "version": "1.0",
                    "write": false
                  }
                ],
                "minute_metrics": [
                  {
                    "enabled": false,
                    "include_apis": false,
                    "retention_policy_days": 0,
                    "version": "1.0"
                  }
                ]
              }
            ],
            "resource_group_name": "production-resources",
            "routing": [],
            "sas_policy": [],
            "secondary_access_key": "TzrRZrUbGZyY2MaOM4UTnDTSov0eOin1ds/jvr1h0HVHKgNX7Dyd3ndrj/NPbQ5m+td65JyE+Io0+AStmfARAA==",
            "secondary_blob_connection_string": "",
            "secondary_blob_endpoint": "",
            "secondary_blob_host": "",
            "secondary_blob_internet_endpoint": "",
            "secondary_blob_internet_host": "",
            "secondary_blob_microsoft_endpoint": "",
            "secondary_blob_microsoft_host": "",
            "secondary_connection_string": "DefaultEndpointsProtocol=https;AccountName=stacprod29e31ed68d0;AccountKey=TzrRZrUbGZyY2MaOM4UTnDTSov0eOin1ds/jvr1h0HVHKgNX7Dyd3ndrj/NPbQ5m+td65JyE+Io0+AStmfARAA==;EndpointSuffix=core.windows.net",
            "secondary_dfs_endpoint": "",
            "secondary_dfs_host": "",
            "secondary_dfs_internet_endpoint": "",
            "secondary_dfs_internet_host": "",
            "secondary_dfs_microsoft_endpoint": "",
            "secondary_dfs_microsoft_host": "",
            "secondary_file_endpoint": "",
            "secondary_file_host": "",
            "secondary_file_internet_endpoint": "",
            "secondary_file_internet_host": "",
            "secondary_file_microsoft_endpoint": "",
            "secondary_file_microsoft_host": "",
            "secondary_location": "",
            "secondary_queue_endpoint": "",
            "secondary_queue_host": "",
            "secondary_queue_microsoft_endpoint": "",
            "secondary_queue_microsoft_host": "",
            "secondary_table_endpoint": "",
            "secondary_table_host": "",
            "secondary_table_microsoft_endpoint": "",
            "secondary_table_microsoft_host": "",
            "secondary_web_endpoint": "",
            "secondary_web_host": "",
            "secondary_web_internet_endpoint": "",
            "secondary_web_internet_host": "",
            "secondary_web_microsoft_endpoint": "",
            "secondary_web_microsoft_host": "",
            "sftp_enabled": false,
            "share_properties": [
              {
                "cors_rule": [],
                "retention_policy": [
                  {
                    "days": 7
                  }
                ],
                "smb": []
              }
            ],
            "shared_access_key_enabled": true,
            "static_website": [],
            "table_encryption_key_type": "Service",
            "tags": {
              "Environment": "production",
              "ManagedBy": "terraform",
              "Project": "production-infrastructure",
              "Region": "eastus",
              "Subscription": "Suscripción 1",
              "TenantId": "52c21aa6-3175-45c3-9c57-b01f6fb8a971"
            },
            "timeouts": null
          },
          "sensitive_attributes": [
            [
              {
                "type": "get_attr",
                "value": "primary_access_key"
              }
            ],
            [
              {
                "type": "get_attr",
                "value": "primary_blob_connection_string"
              }
            ],
            [
              {
                "type": "get_attr",
                "value": "primary_connection_string"
              }
            ],
            [
              {
                "type": "get_attr",
                "value": "secondary_access_key"
              }
            ],
            [
              {
                "type": "get_attr",
                "value": "secondary_blob_connection_string"
              }
            ],
            [
              {
                "type": "get_attr",
                "value": "secondary_connection_string"
              }
            ]
          ],
          "identity_schema_version": 0,
          "identity": {
            "name": "stacprod29e31ed68d0",
            "resource_group_name": "production-resources",
            "subscription_id": "3b100e99-4c4e-4ae2-aef5-a7d4a50e9e6c"
          },
          "private": "eyJlMmJmYjczMC1lY2FhLTExZTYtOGY4OC0zNDM2M2JjN2M0YzAiOnsiY3JlYXRlIjozNjAwMDAwMDAwMDAwLCJkZWxldGUiOjM2MDAwMDAwMDAwMDAsInJlYWQiOjMwMDAwMDAwMDAwMCwidXBkYXRlIjozNjAwMDAwMDAwMDAwfSwic2NoZW1hX3ZlcnNpb24iOiI0In0=",
          "dependencies": [
            "azurerm_resource_group.resource_group",
            "data.azurerm_client_config.current",
            "data.azurerm_subscription.current",
            "random_id.suffix"
          ]
        }
      ]
    },
    {
      "mode": "managed",
      "type": "azurerm_subnet",
      "name": "subnets",
      "provider": "provider[\"registry.terraform.io/hashicorp/azurerm\"]",
      "instances": [
        {
          "index_key": "subnet_1",
          "schema_version": 0,
          "attributes": {
            "address_prefixes": [
              "172.17.1.0/24"
            ],
            "default_outbound_access_enabled": true,
            "delegation": [],
            "id": "/subscriptions/3b100e99-4c4e-4ae2-aef5-a7d4a50e9e6c/resourceGroups/production-resources/providers/Microsoft.Network/virtualNetworks/production-network/subnets/subnet_1",
            "ip_address_pool": [],
            "name": "subnet_1",
            "private_endpoint_network_policies": "Disabled",
            "private_link_service_network_policies_enabled": true,
            "resource_group_name": "production-resources",
            "service_endpoint_policy_ids": [],
            "service_endpoints": [],
            "sharing_scope": "",
            "timeouts": null,
            "virtual_network_name": "production-network"
          },
          "sensitive_attributes": [],
          "identity_schema_version": 0,
          "identity": {
            "name": "subnet_1",
            "resource_group_name": "production-resources",
            "subscription_id": "3b100e99-4c4e-4ae2-aef5-a7d4a50e9e6c",
            "virtual_network_name": "production-network"
          },
          "private": "eyJlMmJmYjczMC1lY2FhLTExZTYtOGY4OC0zNDM2M2JjN2M0YzAiOnsiY3JlYXRlIjoxODAwMDAwMDAwMDAwLCJkZWxldGUiOjE4MDAwMDAwMDAwMDAsInJlYWQiOjMwMDAwMDAwMDAwMCwidXBkYXRlIjoxODAwMDAwMDAwMDAwfX0=",
          "dependencies": [
            "azurerm_resource_group.resource_group",
            "azurerm_virtual_network.virtual_network",
            "data.azurerm_client_config.current",
            "data.azurerm_subscription.current"
          ]
        },
        {
          "index_key": "subnet_2",
          "schema_version": 0,
          "attributes": {
            "address_prefixes": [
              "172.17.2.0/24"
            ],
            "default_outbound_access_enabled": true,
            "delegation": [],
            "id": "/subscriptions/3b100e99-4c4e-4ae2-aef5-a7d4a50e9e6c/resourceGroups/production-resources/providers/Microsoft.Network/virtualNetworks/production-network/subnets/subnet_2",
            "ip_address_pool": [],
            "name": "subnet_2",
            "private_endpoint_network_policies": "Disabled",
            "private_link_service_network_policies_enabled": true,
            "resource_group_name": "production-resources",
            "service_endpoint_policy_ids": [],
            "service_endpoints": [],
            "sharing_scope": "",
            "timeouts": null,
            "virtual_network_name": "production-network"
          },
          "sensitive_attributes": [],
          "identity_schema_version": 0,
          "identity": {
            "name": "subnet_2",
            "resource_group_name": "production-resources",
            "subscription_id": "3b100e99-4c4e-4ae2-aef5-a7d4a50e9e6c",
            "virtual_network_name": "production-network"
          },
          "private": "eyJlMmJmYjczMC1lY2FhLTExZTYtOGY4OC0zNDM2M2JjN2M0YzAiOnsiY3JlYXRlIjoxODAwMDAwMDAwMDAwLCJkZWxldGUiOjE4MDAwMDAwMDAwMDAsInJlYWQiOjMwMDAwMDAwMDAwMCwidXBkYXRlIjoxODAwMDAwMDAwMDAwfX0=",
          "dependencies": [
            "azurerm_resource_group.resource_group",
            "azurerm_virtual_network.virtual_network",
            "data.azurerm_client_config.current",
            "data.azurerm_subscription.current"
          ]
        },
        {
          "index_key": "subnet_3",
          "schema_version": 0,
          "attributes": {
            "address_prefixes": [
              "172.17.3.0/24"
            ],
            "default_outbound_access_enabled": true,
            "delegation": [],
            "id": "/subscriptions/3b100e99-4c4e-4ae2-aef5-a7d4a50e9e6c/resourceGroups/production-resources/providers/Microsoft.Network/virtualNetworks/production-network/subnets/subnet_3",
            "ip_address_pool": [],
            "name": "subnet_3",
            "private_endpoint_network_policies": "Disabled",
            "private_link_service_network_policies_enabled": true,
            "resource_group_name": "production-resources",
            "service_endpoint_policy_ids": [],
            "service_endpoints": [],
            "sharing_scope": "",
            "timeouts": null,
            "virtual_network_name": "production-network"
          },
          "sensitive_attributes": [],
          "identity_schema_version": 0,
          "identity": {
            "name": "subnet_3",
            "resource_group_name": "production-resources",
            "subscription_id": "3b100e99-4c4e-4ae2-aef5-a7d4a50e9e6c",
            "virtual_network_name": "production-network"
          },
          "private": "eyJlMmJmYjczMC1lY2FhLTExZTYtOGY4OC0zNDM2M2JjN2M0YzAiOnsiY3JlYXRlIjoxODAwMDAwMDAwMDAwLCJkZWxldGUiOjE4MDAwMDAwMDAwMDAsInJlYWQiOjMwMDAwMDAwMDAwMCwidXBkYXRlIjoxODAwMDAwMDAwMDAwfX0=",
          "dependencies": [
            "azurerm_resource_group.resource_group",
            "azurerm_virtual_network.virtual_network",
            "data.azurerm_client_config.current",
            "data.azurerm_subscription.current"
          ]
        }
      ]
    },
    {
      "mode": "managed",
      "type": "azurerm_virtual_network",
      "name": "virtual_network",
      "provider": "provider[\"registry.terraform.io/hashicorp/azurerm\"]",
      "instances": [
        {
          "schema_version": 0,
          "attributes": {
            "address_space": [
              "172.17.0.0/16"
            ],
            "bgp_community": "",
            "ddos_protection_plan": [],
            "dns_servers": [],
            "edge_zone": "",
            "encryption": [],
            "flow_timeout_in_minutes": 0,
            "guid": "b53cf9cf-3b6d-41ad-b331-38c431d8a765",
            "id": "/subscriptions/3b100e99-4c4e-4ae2-aef5-a7d4a50e9e6c/resourceGroups/production-resources/providers/Microsoft.Network/virtualNetworks/production-network",
            "ip_address_pool": [],
            "location": "eastus",
            "name": "production-network",
            "private_endpoint_vnet_policies": "Disabled",
            "resource_group_name": "production-resources",
            "subnet": [
              {
                "address_prefixes": [
                  "172.17.1.0/24"
                ],
                "default_outbound_access_enabled": true,
                "delegation": [],
                "id": "/subscriptions/3b100e99-4c4e-4ae2-aef5-a7d4a50e9e6c/resourceGroups/production-resources/providers/Microsoft.Network/virtualNetworks/production-network/subnets/subnet_1",
                "name": "subnet_1",
                "private_endpoint_network_policies": "Disabled",
                "private_link_service_network_policies_enabled": true,
                "route_table_id": "",
                "security_group": "",
                "service_endpoint_policy_ids": [],
                "service_endpoints": []
              },
              {
                "address_prefixes": [
                  "172.17.2.0/24"
                ],
                "default_outbound_access_enabled": true,
                "delegation": [],
                "id": "/subscriptions/3b100e99-4c4e-4ae2-aef5-a7d4a50e9e6c/resourceGroups/production-resources/providers/Microsoft.Network/virtualNetworks/production-network/subnets/subnet_2",
                "name": "subnet_2",
                "private_endpoint_network_policies": "Disabled",
                "private_link_service_network_policies_enabled": true,
                "route_table_id": "",
                "security_group": "",
                "service_endpoint_policy_ids": [],
                "service_endpoints": []
              },
              {
                "address_prefixes": [
                  "172.17.3.0/24"
                ],
                "default_outbound_access_enabled": true,
                "delegation": [],
                "id": "/subscriptions/3b100e99-4c4e-4ae2-aef5-a7d4a50e9e6c/resourceGroups/production-resources/providers/Microsoft.Network/virtualNetworks/production-network/subnets/subnet_3",
                "name": "subnet_3",
                "private_endpoint_network_policies": "Disabled",
                "private_link_service_network_policies_enabled": true,
                "route_table_id": "",
                "security_group": "",
                "service_endpoint_policy_ids": [],
                "service_endpoints": []
              }
            ],
            "tags": {
              "Environment": "production",
              "ManagedBy": "terraform",
              "Project": "production-infrastructure",
              "Region": "eastus",
              "Subscription": "Suscripción 1",
              "TenantId": "52c21aa6-3175-45c3-9c57-b01f6fb8a971"
            },
            "timeouts": null
          },
          "sensitive_attributes": [],
          "identity_schema_version": 0,
          "identity": {
            "name": "production-network",
            "resource_group_name": "production-resources",
            "subscription_id": "3b100e99-4c4e-4ae2-aef5-a7d4a50e9e6c"
          },
          "private": "eyJlMmJmYjczMC1lY2FhLTExZTYtOGY4OC0zNDM2M2JjN2M0YzAiOnsiY3JlYXRlIjoxODAwMDAwMDAwMDAwLCJkZWxldGUiOjE4MDAwMDAwMDAwMDAsInJlYWQiOjMwMDAwMDAwMDAwMCwidXBkYXRlIjoxODAwMDAwMDAwMDAwfX0=",
          "dependencies": [
            "azurerm_resource_group.resource_group",
            "data.azurerm_client_config.current",
            "data.azurerm_subscription.current"
          ]
        }
      ]
    },
    {
      "mode": "managed",
      "type": "random_id",
      "name": "suffix",
      "provider": "provider[\"registry.terraform.io/hashicorp/random\"]",
      "instances": [
        {
          "index_key": "stacprod1",
          "schema_version": 0,
          "attributes": {
            "b64_std": "uwFQiU0=",
            "b64_url": "uwFQiU0",
            "byte_length": 5,
            "dec": "803180939597",
            "hex": "bb0150894d",
            "id": "uwFQiU0",
            "keepers": null,
            "prefix": null
          },
          "sensitive_attributes": [],
          "identity_schema_version": 0
        },
        {
          "index_key": "stacprod2",
          "schema_version": 0,
          "attributes": {
            "b64_std": "njHtaNA=",
            "b64_url": "njHtaNA",
            "byte_length": 5,
            "dec": "679442475216",
            "hex": "9e31ed68d0",
            "id": "njHtaNA",
            "keepers": null,
            "prefix": null
          },
          "sensitive_attributes": [],
          "identity_schema_version": 0
        }
      ]
    }
  ],
  "check_results": null
}
