{
  "version": 4,
  "terraform_version": "1.12.2",
  "serial": 12,
  "lineage": "61f395bb-61f6-014a-4966-37cbc45b85f4",
  "outputs": {},
  "resources": [
    {
      "mode": "managed",
      "type": "azurerm_resource_group",
      "name": "rg_1",
      "provider": "provider[\"registry.terraform.io/hashicorp/azurerm\"]",
      "instances": [
        {
          "schema_version": 0,
          "attributes": {
            "id": "/subscriptions/3b100e99-4c4e-4ae2-aef5-a7d4a50e9e6c/resourceGroups/rg-1",
            "location": "eastus",
            "managed_by": "",
            "name": "rg-1",
            "tags": {},
            "timeouts": null
          },
          "sensitive_attributes": [],
          "identity_schema_version": 0,
          "identity": {
            "name": "rg-1",
            "subscription_id": "3b100e99-4c4e-4ae2-aef5-a7d4a50e9e6c"
          },
          "private": "eyJlMmJmYjczMC1lY2FhLTExZTYtOGY4OC0zNDM2M2JjN2M0YzAiOnsiY3JlYXRlIjo1NDAwMDAwMDAwMDAwLCJkZWxldGUiOjU0MDAwMDAwMDAwMDAsInJlYWQiOjMwMDAwMDAwMDAwMCwidXBkYXRlIjo1NDAwMDAwMDAwMDAwfX0="
        }
      ]
    },
    {
      "mode": "managed",
      "type": "azurerm_subnet",
      "name": "subnet_2",
      "provider": "provider[\"registry.terraform.io/hashicorp/azurerm\"]",
      "instances": [
        {
          "schema_version": 0,
          "attributes": {
            "address_prefixes": [
              "10.20.1.0/24"
            ],
            "default_outbound_access_enabled": true,
            "delegation": [],
            "id": "/subscriptions/3b100e99-4c4e-4ae2-aef5-a7d4a50e9e6c/resourceGroups/rg-1/providers/Microsoft.Network/virtualNetworks/vnet-2/subnets/subnet-2",
            "ip_address_pool": [],
            "name": "subnet-2",
            "private_endpoint_network_policies": "Disabled",
            "private_link_service_network_policies_enabled": true,
            "resource_group_name": "rg-1",
            "service_endpoint_policy_ids": [],
            "service_endpoints": [],
            "sharing_scope": "",
            "timeouts": null,
            "virtual_network_name": "vnet-2"
          },
          "sensitive_attributes": [],
          "identity_schema_version": 0,
          "identity": {
            "name": "subnet-2",
            "resource_group_name": "rg-1",
            "subscription_id": "3b100e99-4c4e-4ae2-aef5-a7d4a50e9e6c",
            "virtual_network_name": "vnet-2"
          },
          "private": "eyJlMmJmYjczMC1lY2FhLTExZTYtOGY4OC0zNDM2M2JjN2M0YzAiOnsiY3JlYXRlIjoxODAwMDAwMDAwMDAwLCJkZWxldGUiOjE4MDAwMDAwMDAwMDAsInJlYWQiOjMwMDAwMDAwMDAwMCwidXBkYXRlIjoxODAwMDAwMDAwMDAwfX0=",
          "dependencies": [
            "azurerm_resource_group.rg_1",
            "azurerm_virtual_network.vnet_2"
          ]
        }
      ]
    },
    {
      "mode": "managed",
      "type": "azurerm_subnet",
      "name": "subnet_3",
      "provider": "provider[\"registry.terraform.io/hashicorp/azurerm\"]",
      "instances": [
        {
          "schema_version": 0,
          "attributes": {
            "address_prefixes": [
              "10.10.2.0/24"
            ],
            "default_outbound_access_enabled": true,
            "delegation": [],
            "id": "/subscriptions/3b100e99-4c4e-4ae2-aef5-a7d4a50e9e6c/resourceGroups/rg-1/providers/Microsoft.Network/virtualNetworks/vnet-1/subnets/subnet-3",
            "ip_address_pool": [],
            "name": "subnet-3",
            "private_endpoint_network_policies": "Disabled",
            "private_link_service_network_policies_enabled": true,
            "resource_group_name": "rg-1",
            "service_endpoint_policy_ids": [],
            "service_endpoints": [],
            "sharing_scope": "",
            "timeouts": null,
            "virtual_network_name": "vnet-1"
          },
          "sensitive_attributes": [],
          "identity_schema_version": 0,
          "identity": {
            "name": "subnet-3",
            "resource_group_name": "rg-1",
            "subscription_id": "3b100e99-4c4e-4ae2-aef5-a7d4a50e9e6c",
            "virtual_network_name": "vnet-1"
          },
          "private": "eyJlMmJmYjczMC1lY2FhLTExZTYtOGY4OC0zNDM2M2JjN2M0YzAiOnsiY3JlYXRlIjoxODAwMDAwMDAwMDAwLCJkZWxldGUiOjE4MDAwMDAwMDAwMDAsInJlYWQiOjMwMDAwMDAwMDAwMCwidXBkYXRlIjoxODAwMDAwMDAwMDAwfX0=",
          "dependencies": [
            "azurerm_resource_group.rg_1",
            "azurerm_virtual_network.vnet_test_1"
          ]
        }
      ]
    },
    {
      "mode": "managed",
      "type": "azurerm_subnet",
      "name": "subnet_4",
      "provider": "provider[\"registry.terraform.io/hashicorp/azurerm\"]",
      "instances": [
        {
          "schema_version": 0,
          "attributes": {
            "address_prefixes": [
              "10.20.2.0/24"
            ],
            "default_outbound_access_enabled": true,
            "delegation": [],
            "id": "/subscriptions/3b100e99-4c4e-4ae2-aef5-a7d4a50e9e6c/resourceGroups/rg-1/providers/Microsoft.Network/virtualNetworks/vnet-2/subnets/subnet-4",
            "ip_address_pool": [],
            "name": "subnet-4",
            "private_endpoint_network_policies": "Disabled",
            "private_link_service_network_policies_enabled": true,
            "resource_group_name": "rg-1",
            "service_endpoint_policy_ids": [],
            "service_endpoints": [],
            "sharing_scope": "",
            "timeouts": null,
            "virtual_network_name": "vnet-2"
          },
          "sensitive_attributes": [],
          "identity_schema_version": 0,
          "identity": {
            "name": "subnet-4",
            "resource_group_name": "rg-1",
            "subscription_id": "3b100e99-4c4e-4ae2-aef5-a7d4a50e9e6c",
            "virtual_network_name": "vnet-2"
          },
          "private": "eyJlMmJmYjczMC1lY2FhLTExZTYtOGY4OC0zNDM2M2JjN2M0YzAiOnsiY3JlYXRlIjoxODAwMDAwMDAwMDAwLCJkZWxldGUiOjE4MDAwMDAwMDAwMDAsInJlYWQiOjMwMDAwMDAwMDAwMCwidXBkYXRlIjoxODAwMDAwMDAwMDAwfSwic2NoZW1hX3ZlcnNpb24iOiIwIn0="
        }
      ]
    },
    {
      "mode": "managed",
      "type": "azurerm_virtual_network",
      "name": "vnet_2",
      "provider": "provider[\"registry.terraform.io/hashicorp/azurerm\"]",
      "instances": [
        {
          "schema_version": 0,
          "attributes": {
            "address_space": [
              "10.20.0.0/16"
            ],
            "bgp_community": "",
            "ddos_protection_plan": [],
            "dns_servers": [],
            "edge_zone": "",
            "encryption": [],
            "flow_timeout_in_minutes": 0,
            "guid": "94a1d46d-503b-4851-866c-668e5d61b965",
            "id": "/subscriptions/3b100e99-4c4e-4ae2-aef5-a7d4a50e9e6c/resourceGroups/rg-1/providers/Microsoft.Network/virtualNetworks/vnet-2",
            "ip_address_pool": [],
            "location": "eastus",
            "name": "vnet-2",
            "private_endpoint_vnet_policies": "Disabled",
            "resource_group_name": "rg-1",
            "subnet": [
              {
                "address_prefixes": [
                  "10.20.1.0/24"
                ],
                "default_outbound_access_enabled": true,
                "delegation": [],
                "id": "/subscriptions/3b100e99-4c4e-4ae2-aef5-a7d4a50e9e6c/resourceGroups/rg-1/providers/Microsoft.Network/virtualNetworks/vnet-2/subnets/subnet-2",
                "name": "subnet-2",
                "private_endpoint_network_policies": "Disabled",
                "private_link_service_network_policies_enabled": true,
                "route_table_id": "",
                "security_group": "",
                "service_endpoint_policy_ids": [],
                "service_endpoints": []
              },
              {
                "address_prefixes": [
                  "10.20.2.0/24"
                ],
                "default_outbound_access_enabled": false,
                "delegation": [],
                "id": "/subscriptions/3b100e99-4c4e-4ae2-aef5-a7d4a50e9e6c/resourceGroups/rg-1/providers/Microsoft.Network/virtualNetworks/vnet-2/subnets/subnet-4",
                "name": "subnet-4",
                "private_endpoint_network_policies": "Disabled",
                "private_link_service_network_policies_enabled": true,
                "route_table_id": "",
                "security_group": "",
                "service_endpoint_policy_ids": [],
                "service_endpoints": []
              }
            ],
            "tags": {},
            "timeouts": null
          },
          "sensitive_attributes": [],
          "identity_schema_version": 0,
          "identity": {
            "name": "vnet-2",
            "resource_group_name": "rg-1",
            "subscription_id": "3b100e99-4c4e-4ae2-aef5-a7d4a50e9e6c"
          },
          "private": "eyJlMmJmYjczMC1lY2FhLTExZTYtOGY4OC0zNDM2M2JjN2M0YzAiOnsiY3JlYXRlIjoxODAwMDAwMDAwMDAwLCJkZWxldGUiOjE4MDAwMDAwMDAwMDAsInJlYWQiOjMwMDAwMDAwMDAwMCwidXBkYXRlIjoxODAwMDAwMDAwMDAwfX0=",
          "dependencies": [
            "azurerm_resource_group.rg_1"
          ]
        }
      ]
    },
    {
      "mode": "managed",
      "type": "azurerm_virtual_network",
      "name": "vnet_test_1",
      "provider": "provider[\"registry.terraform.io/hashicorp/azurerm\"]",
      "instances": [
        {
          "schema_version": 0,
          "attributes": {
            "address_space": [
              "10.10.0.0/16"
            ],
            "bgp_community": "",
            "ddos_protection_plan": [],
            "dns_servers": [],
            "edge_zone": "",
            "encryption": [],
            "flow_timeout_in_minutes": 0,
            "guid": "c7bc5207-2999-416d-9d0a-6515ec42b775",
            "id": "/subscriptions/3b100e99-4c4e-4ae2-aef5-a7d4a50e9e6c/resourceGroups/rg-1/providers/Microsoft.Network/virtualNetworks/vnet-1",
            "ip_address_pool": [],
            "location": "eastus",
            "name": "vnet-1",
            "private_endpoint_vnet_policies": "Disabled",
            "resource_group_name": "rg-1",
            "subnet": [
              {
                "address_prefixes": [
                  "10.10.1.0/24"
                ],
                "default_outbound_access_enabled": true,
                "delegation": [],
                "id": "/subscriptions/3b100e99-4c4e-4ae2-aef5-a7d4a50e9e6c/resourceGroups/rg-1/providers/Microsoft.Network/virtualNetworks/vnet-1/subnets/subnet-1",
                "name": "subnet-1",
                "private_endpoint_network_policies": "Disabled",
                "private_link_service_network_policies_enabled": true,
                "route_table_id": "",
                "security_group": "",
                "service_endpoint_policy_ids": [],
                "service_endpoints": []
              },
              {
                "address_prefixes": [
                  "10.10.2.0/24"
                ],
                "default_outbound_access_enabled": true,
                "delegation": [],
                "id": "/subscriptions/3b100e99-4c4e-4ae2-aef5-a7d4a50e9e6c/resourceGroups/rg-1/providers/Microsoft.Network/virtualNetworks/vnet-1/subnets/subnet-3",
                "name": "subnet-3",
                "private_endpoint_network_policies": "Disabled",
                "private_link_service_network_policies_enabled": true,
                "route_table_id": "",
                "security_group": "",
                "service_endpoint_policy_ids": [],
                "service_endpoints": []
              }
            ],
            "tags": {},
            "timeouts": null
          },
          "sensitive_attributes": [],
          "identity_schema_version": 0,
          "identity": {
            "name": "vnet-1",
            "resource_group_name": "rg-1",
            "subscription_id": "3b100e99-4c4e-4ae2-aef5-a7d4a50e9e6c"
          },
          "private": "eyJlMmJmYjczMC1lY2FhLTExZTYtOGY4OC0zNDM2M2JjN2M0YzAiOnsiY3JlYXRlIjoxODAwMDAwMDAwMDAwLCJkZWxldGUiOjE4MDAwMDAwMDAwMDAsInJlYWQiOjMwMDAwMDAwMDAwMCwidXBkYXRlIjoxODAwMDAwMDAwMDAwfX0=",
          "dependencies": [
            "azurerm_resource_group.rg_1"
          ]
        }
      ]
    }
  ],
  "check_results": null
}
