{
  "version": 4,
  "terraform_version": "1.12.2",
  "serial": 24,
  "lineage": "f24bff44-e8ea-e0b6-3f41-ff16da8a8b92",
  "outputs": {
    "pet_name": {
      "value": "musical-mackerel",
      "type": "string"
    },
    "random_number": {
      "value": 32,
      "type": "number"
    }
  },
  "resources": [
    {
      "mode": "managed",
      "type": "random_integer",
      "name": "random_number",
      "provider": "provider[\"registry.terraform.io/hashicorp/random\"]",
      "instances": [
        {
          "schema_version": 0,
          "attributes": {
            "id": "32",
            "keepers": null,
            "max": 90,
            "min": 1,
            "result": 32,
            "seed": null
          },
          "sensitive_attributes": [],
          "identity_schema_version": 0
        }
      ]
    },
    {
      "mode": "managed",
      "type": "random_pet",
      "name": "pet_name",
      "provider": "provider[\"registry.terraform.io/hashicorp/random\"]",
      "instances": [
        {
          "schema_version": 0,
          "attributes": {
            "id": "musical-mackerel",
            "keepers": null,
            "length": 2,
            "prefix": null,
            "separator": "-"
          },
          "sensitive_attributes": [],
          "identity_schema_version": 0
        }
      ]
    }
  ],
  "check_results": null
}
