{
  "version": 4,
  "terraform_version": "1.12.2",
  "serial": 9,
  "lineage": "f24bff44-e8ea-e0b6-3f41-ff16da8a8b92",
  "outputs": {
    "random_number": {
      "value": 81,
      "type": "number"
    }
  },
  "resources": [
    {
      "mode": "managed",
      "type": "random_integer",
      "name": "random_number",
      "provider": "provider[\"registry.terraform.io/hashicorp/random\"]",
      "instances": [
        {
          "schema_version": 0,
          "attributes": {
            "id": "80",
            "keepers": null,
            "max": 100,
            "min": 1,
            "result": 80,
            "seed": null
          },
          "sensitive_attributes": [],
          "identity_schema_version": 0
        }
      ]
    }
  ],
  "check_results": null
}
