{
  "version": 4,
  "terraform_version": "1.12.2",
  "serial": 4,
  "lineage": "38715a7b-cbc0-8a04-6604-22424dbf6d70",
  "outputs": {},
  "resources": [
    {
      "mode": "managed",
      "type": "azurerm_resource_group",
      "name": "resource_group_1",
      "provider": "provider[\"registry.terraform.io/hashicorp/azurerm\"]",
      "instances": [
        {
          "schema_version": 0,
          "attributes": {
            "id": "/subscriptions/3b100e99-4c4e-4ae2-aef5-a7d4a50e9e6c/resourceGroups/rg-resource-block-1",
            "location": "eastus",
            "managed_by": "",
            "name": "rg-resource-block-1",
            "tags": {
              "environment": "test"
            },
            "timeouts": null
          },
          "sensitive_attributes": [],
          "identity_schema_version": 0,
          "identity": {
            "name": "rg-resource-block-1",
            "subscription_id": "3b100e99-4c4e-4ae2-aef5-a7d4a50e9e6c"
          },
          "private": "eyJlMmJmYjczMC1lY2FhLTExZTYtOGY4OC0zNDM2M2JjN2M0YzAiOnsiY3JlYXRlIjo1NDAwMDAwMDAwMDAwLCJkZWxldGUiOjU0MDAwMDAwMDAwMDAsInJlYWQiOjMwMDAwMDAwMDAwMCwidXBkYXRlIjo1NDAwMDAwMDAwMDAwfX0="
        }
      ]
    },
    {
      "mode": "managed",
      "type": "azurerm_subnet",
      "name": "subnet_1",
      "provider": "provider[\"registry.terraform.io/hashicorp/azurerm\"]",
      "instances": [
        {
          "schema_version": 0,
          "attributes": {
            "address_prefixes": [
              "10.40.0.0/26"
            ],
            "default_outbound_access_enabled": true,
            "delegation": [],
            "id": "/subscriptions/3b100e99-4c4e-4ae2-aef5-a7d4a50e9e6c/resourceGroups/rg-resource-block-1/providers/Microsoft.Network/virtualNetworks/vnet-resource-block-1/subnets/subnet-resource-block-1",
            "ip_address_pool": [],
            "name": "subnet-resource-block-1",
            "private_endpoint_network_policies": "Disabled",
            "private_link_service_network_policies_enabled": true,
            "resource_group_name": "rg-resource-block-1",
            "service_endpoint_policy_ids": null,
            "service_endpoints": null,
            "sharing_scope": "",
            "timeouts": null,
            "virtual_network_name": "vnet-resource-block-1"
          },
          "sensitive_attributes": [],
          "identity_schema_version": 0,
          "identity": {
            "name": "subnet-resource-block-1",
            "resource_group_name": "rg-resource-block-1",
            "subscription_id": "3b100e99-4c4e-4ae2-aef5-a7d4a50e9e6c",
            "virtual_network_name": "vnet-resource-block-1"
          },
          "private": "eyJlMmJmYjczMC1lY2FhLTExZTYtOGY4OC0zNDM2M2JjN2M0YzAiOnsiY3JlYXRlIjoxODAwMDAwMDAwMDAwLCJkZWxldGUiOjE4MDAwMDAwMDAwMDAsInJlYWQiOjMwMDAwMDAwMDAwMCwidXBkYXRlIjoxODAwMDAwMDAwMDAwfX0=",
          "dependencies": [
            "azurerm_resource_group.resource_group_1",
            "azurerm_virtual_network.virtual_network_1"
          ]
        }
      ]
    },
    {
      "mode": "managed",
      "type": "azurerm_virtual_network",
      "name": "virtual_network_1",
      "provider": "provider[\"registry.terraform.io/hashicorp/azurerm\"]",
      "instances": [
        {
          "schema_version": 0,
          "attributes": {
            "address_space": [
              "10.40.0.0/22"
            ],
            "bgp_community": "",
            "ddos_protection_plan": [],
            "dns_servers": [],
            "edge_zone": "",
            "encryption": [],
            "flow_timeout_in_minutes": 0,
            "guid": "061bf977-d1d3-41cd-8b63-855107f51ed6",
            "id": "/subscriptions/3b100e99-4c4e-4ae2-aef5-a7d4a50e9e6c/resourceGroups/rg-resource-block-1/providers/Microsoft.Network/virtualNetworks/vnet-resource-block-1",
            "ip_address_pool": [],
            "location": "eastus",
            "name": "vnet-resource-block-1",
            "private_endpoint_vnet_policies": "Disabled",
            "resource_group_name": "rg-resource-block-1",
            "subnet": [],
            "tags": null,
            "timeouts": null
          },
          "sensitive_attributes": [],
          "identity_schema_version": 0,
          "identity": {
            "name": "vnet-resource-block-1",
            "resource_group_name": "rg-resource-block-1",
            "subscription_id": "3b100e99-4c4e-4ae2-aef5-a7d4a50e9e6c"
          },
          "private": "eyJlMmJmYjczMC1lY2FhLTExZTYtOGY4OC0zNDM2M2JjN2M0YzAiOnsiY3JlYXRlIjoxODAwMDAwMDAwMDAwLCJkZWxldGUiOjE4MDAwMDAwMDAwMDAsInJlYWQiOjMwMDAwMDAwMDAwMCwidXBkYXRlIjoxODAwMDAwMDAwMDAwfX0=",
          "dependencies": [
            "azurerm_resource_group.resource_group_1"
          ]
        }
      ]
    }
  ],
  "check_results": null
}
